<?xml version="1.0" encoding="utf-8"?>
<Project ToolsVersion="4.0" xmlns="http://schemas.microsoft.com/developer/msbuild/2003">
  <ItemGroup>
    <Filter Include="imgui">
      <UniqueIdentifier>{004b1409-2db0-4325-b6d0-900f403f9bd0}</UniqueIdentifier>
    </Filter>
    <Filter Include="imgui\Backends">
      <UniqueIdentifier>{e47859d1-4189-4e88-a537-f87fdda4a1ab}</UniqueIdentifier>
    </Filter>
    <Filter Include="Engine Files">
      <UniqueIdentifier>{4FC737F1-C7A5-4376-A066-2A32D752A2FF}</UniqueIdentifier>
      <Extensions>cpp;c;cc;cxx;def;odl;idl;hpj;bat;asm;asmx</Extensions>
    </Filter>
    <Filter Include="Engine Files\Header Files">
      <UniqueIdentifier>{93995380-89BD-4b04-88EB-625FBE52EBFB}</UniqueIdentifier>
      <Extensions>h;hh;hpp;hxx;hm;inl;inc;xsd</Extensions>
    </Filter>
    <Filter Include="Engine Components">
      <UniqueIdentifier>{afb2f2f9-d982-4461-80dd-196c9e0ac5b9}</UniqueIdentifier>
    </Filter>
    <Filter Include="Input">
      <UniqueIdentifier>{74641b66-1ab3-4b63-a02c-be18f88362d9}</UniqueIdentifier>
    </Filter>
  </ItemGroup>
  <ItemGroup>
    <ClInclude Include="Singleton.h">
      <Filter>Engine Files\Header Files</Filter>
    </ClInclude>
    <ClInclude Include="ResourceManager.h">
      <Filter>Engine Files\Header Files</Filter>
    </ClInclude>
    <ClInclude Include="Renderer.h">
      <Filter>Engine Files\Header Files</Filter>
    </ClInclude>
    <ClInclude Include="Texture2D.h">
      <Filter>Engine Files\Header Files</Filter>
    </ClInclude>
    <ClInclude Include="GameObject.h">
      <Filter>Engine Files\Header Files</Filter>
    </ClInclude>
    <ClInclude Include="Scene.h">
      <Filter>Engine Files\Header Files</Filter>
    </ClInclude>
    <ClInclude Include="SceneManager.h">
      <Filter>Engine Files\Header Files</Filter>
    </ClInclude>
    <ClInclude Include="Font.h">
      <Filter>Engine Files\Header Files</Filter>
    </ClInclude>
    <ClInclude Include="Lightweight_2D.h">
      <Filter>Engine Files\Header Files</Filter>
    </ClInclude>
    <ClInclude Include="GameTime.h">
      <Filter>Engine Files\Header Files</Filter>
    </ClInclude>
    <ClInclude Include="..\3rdParty\imgui\imconfig.h">
      <Filter>Engine Files\Header Files</Filter>
    </ClInclude>
    <ClInclude Include="..\3rdParty\imgui\imgui.h">
      <Filter>imgui</Filter>
    </ClInclude>
    <ClInclude Include="..\3rdParty\imgui\imgui_internal.h">
      <Filter>imgui</Filter>
    </ClInclude>
    <ClInclude Include="..\3rdParty\imgui\imstb_rectpack.h">
      <Filter>imgui</Filter>
    </ClInclude>
    <ClInclude Include="..\3rdParty\imgui\imstb_textedit.h">
      <Filter>imgui</Filter>
    </ClInclude>
    <ClInclude Include="..\3rdParty\imgui\imstb_truetype.h">
      <Filter>imgui</Filter>
    </ClInclude>
    <ClInclude Include="..\3rdParty\imgui\backends\imgui_impl_opengl2.h">
      <Filter>imgui\Backends</Filter>
    </ClInclude>
    <ClInclude Include="..\3rdParty\imgui\backends\imgui_impl_sdl2.h">
      <Filter>imgui\Backends</Filter>
    </ClInclude>
    <ClInclude Include="..\3rdParty\imgui\imgui_plot.h">
      <Filter>imgui</Filter>
    </ClInclude>
    <ClInclude Include="Command.h">
      <Filter>Engine Files\Header Files</Filter>
    </ClInclude>
    <ClInclude Include="Event.h">
      <Filter>Engine Files\Header Files</Filter>
    </ClInclude>
    <ClInclude Include="EngineComponents\Component.h">
      <Filter>Engine Components</Filter>
    </ClInclude>
    <ClInclude Include="EngineComponents\FPSComponent.h">
      <Filter>Engine Components</Filter>
    </ClInclude>
    <ClInclude Include="EngineComponents\RenderComponent.h">
      <Filter>Engine Components</Filter>
    </ClInclude>
    <ClInclude Include="EngineComponents\TextComponent.h">
      <Filter>Engine Components</Filter>
    </ClInclude>
    <ClInclude Include="Input.h">
      <Filter>Input</Filter>
    </ClInclude>
    <ClInclude Include="GenericController.h">
      <Filter>Input</Filter>
    </ClInclude>
    <ClInclude Include="InputManager.h">
      <Filter>Input</Filter>
    </ClInclude>
    <ClInclude Include="Keyboard.h">
      <Filter>Input</Filter>
    </ClInclude>
    <ClInclude Include="Transform.h">
      <Filter>Engine Components</Filter>
    </ClInclude>
  </ItemGroup>
  <ItemGroup>
    <ClCompile Include="ResourceManager.cpp">
      <Filter>Engine Files</Filter>
    </ClCompile>
    <ClCompile Include="Renderer.cpp">
      <Filter>Engine Files</Filter>
    </ClCompile>
    <ClCompile Include="Texture2D.cpp">
      <Filter>Engine Files</Filter>
    </ClCompile>
    <ClCompile Include="GameObject.cpp">
      <Filter>Engine Files</Filter>
    </ClCompile>
    <ClCompile Include="Scene.cpp">
      <Filter>Engine Files</Filter>
    </ClCompile>
    <ClCompile Include="SceneManager.cpp">
      <Filter>Engine Files</Filter>
    </ClCompile>
    <ClCompile Include="Font.cpp">
      <Filter>Engine Files</Filter>
    </ClCompile>
    <ClCompile Include="Lightweight_2D.cpp">
      <Filter>Engine Files</Filter>
    </ClCompile>
    <ClCompile Include="GameTime.cpp">
      <Filter>Engine Files</Filter>
    </ClCompile>
    <ClCompile Include="..\3rdParty\imgui\imgui.cpp">
      <Filter>imgui</Filter>
    </ClCompile>
    <ClCompile Include="..\3rdParty\imgui\imgui_demo.cpp">
      <Filter>imgui</Filter>
    </ClCompile>
    <ClCompile Include="..\3rdParty\imgui\imgui_draw.cpp">
      <Filter>imgui</Filter>
    </ClCompile>
    <ClCompile Include="..\3rdParty\imgui\imgui_tables.cpp">
      <Filter>imgui</Filter>
    </ClCompile>
    <ClCompile Include="..\3rdParty\imgui\imgui_widgets.cpp">
      <Filter>imgui</Filter>
    </ClCompile>
    <ClCompile Include="..\3rdParty\imgui\backends\imgui_impl_opengl2.cpp">
      <Filter>imgui\Backends</Filter>
    </ClCompile>
    <ClCompile Include="..\3rdParty\imgui\backends\imgui_impl_sdl2.cpp">
      <Filter>imgui\Backends</Filter>
    </ClCompile>
    <ClCompile Include="..\3rdParty\imgui\imgui_plot.cpp">
      <Filter>imgui</Filter>
    </ClCompile>
    <ClCompile Include="EngineComponents\Component.cpp">
      <Filter>Engine Components</Filter>
    </ClCompile>
    <ClCompile Include="EngineComponents\FPSComponent.cpp">
      <Filter>Engine Components</Filter>
    </ClCompile>
    <ClCompile Include="EngineComponents\RenderComponent.cpp">
      <Filter>Engine Components</Filter>
    </ClCompile>
    <ClCompile Include="EngineComponents\TextComponent.cpp">
      <Filter>Engine Components</Filter>
    </ClCompile>
    <ClCompile Include="InputManager.cpp">
      <Filter>Input</Filter>
    </ClCompile>
    <ClCompile Include="Input.cpp">
      <Filter>Input</Filter>
    </ClCompile>
    <ClCompile Include="GenericController.cpp">
      <Filter>Input</Filter>
    </ClCompile>
    <ClCompile Include="Keyboard.cpp">
      <Filter>Input</Filter>
    </ClCompile>
    <ClCompile Include="Transform.cpp">
      <Filter>Engine Components</Filter>
    </ClCompile>
  </ItemGroup>
</Project>