<?xml version="1.0" encoding="utf-8"?>
<Project ToolsVersion="4.0" xmlns="http://schemas.microsoft.com/developer/msbuild/2003">
  <ItemGroup>
    <Filter Include="Game Files">
      <UniqueIdentifier>{4FC737F1-C7A5-4376-A066-2A32D752A2FF}</UniqueIdentifier>
      <Extensions>cpp;c;cc;cxx;c++;cppm;ixx;def;odl;idl;hpj;bat;asm;asmx</Extensions>
    </Filter>
    <Filter Include="Game Components">
      <UniqueIdentifier>{07eb390f-d35e-45f6-9d52-c9ec4a1b6376}</UniqueIdentifier>
    </Filter>
    <Filter Include="Game Files\States">
      <UniqueIdentifier>{b536a892-53e6-41fb-9073-f93d3d1c9435}</UniqueIdentifier>
    </Filter>
  </ItemGroup>
  <ItemGroup>
    <ClCompile Include="Game Files\Main.cpp">
      <Filter>Game Files</Filter>
    </ClCompile>
    <ClCompile Include="GameComponents\HealthComponent.cpp">
      <Filter>Game Components</Filter>
    </ClCompile>
    <ClCompile Include="GameComponents\ScoreComponent.cpp">
      <Filter>Game Components</Filter>
    </ClCompile>
    <ClCompile Include="Game Files\Commands.cpp">
      <Filter>Game Files</Filter>
    </ClCompile>
    <ClCompile Include="GameComponents\MapComponent.cpp">
      <Filter>Game Components</Filter>
    </ClCompile>
    <ClCompile Include="GameComponents\PacManComponent.cpp">
      <Filter>Game Components</Filter>
    </ClCompile>
    <ClCompile Include="GameComponents\CharacterComponent.cpp">
      <Filter>Game Components</Filter>
    </ClCompile>
    <ClCompile Include="GameComponents\GhostComponent.cpp">
      <Filter>Game Components</Filter>
    </ClCompile>
    <ClCompile Include="Game Files\ChaseState.cpp">
      <Filter>Game Files\States</Filter>
    </ClCompile>
    <ClCompile Include="Game Files\WanderState.cpp">
      <Filter>Game Files\States</Filter>
    </ClCompile>
    <ClCompile Include="Game Files\FleeState.cpp">
      <Filter>Game Files\States</Filter>
    </ClCompile>
  </ItemGroup>
  <ItemGroup>
    <ClInclude Include="GameComponents\HealthComponent.h">
      <Filter>Game Components</Filter>
    </ClInclude>
    <ClInclude Include="GameComponents\ScoreComponent.h">
      <Filter>Game Components</Filter>
    </ClInclude>
    <ClInclude Include="Game Files\Commands.h">
      <Filter>Game Files</Filter>
    </ClInclude>
    <ClInclude Include="resource.h" />
    <ClInclude Include="GameComponents\MapComponent.h">
      <Filter>Game Components</Filter>
    </ClInclude>
    <ClInclude Include="GameComponents\CharacterComponent.h">
      <Filter>Game Components</Filter>
    </ClInclude>
    <ClInclude Include="GameComponents\PacManComponent.h">
      <Filter>Game Components</Filter>
    </ClInclude>
    <ClInclude Include="Game Files\Utils.h">
      <Filter>Game Files</Filter>
    </ClInclude>
    <ClInclude Include="GameComponents\GhostComponent.h">
      <Filter>Game Components</Filter>
    </ClInclude>
    <ClInclude Include="Game Files\State.h">
      <Filter>Game Files\States</Filter>
    </ClInclude>
    <ClInclude Include="Game Files\ChaseState.h">
      <Filter>Game Files\States</Filter>
    </ClInclude>
    <ClInclude Include="Game Files\WanderState.h">
      <Filter>Game Files\States</Filter>
    </ClInclude>
    <ClInclude Include="Game Files\FleeState.h">
      <Filter>Game Files\States</Filter>
    </ClInclude>
    <ClInclude Include="Game Files\Blackboard.h">
      <Filter>Game Files</Filter>
    </ClInclude>
  </ItemGroup>
  <ItemGroup>
    <ResourceCompile Include="LW2D_PacMan.rc" />
  </ItemGroup>
</Project>